
Microsoft Visual Studio Solution File, Format Version 12.00
# Visual Studio 2012
Project("{FAE04EC0-301F-11D3-BF4B-00C04F79EFBC}") = "AudioSwitcher.AudioApi", "AudioSwitcher.AudioApi\AudioSwitcher.AudioApi.csproj", "{7A4E260C-007E-4615-A92B-E849E7B641AB}"
EndProject
Project("{FAE04EC0-301F-11D3-BF4B-00C04F79EFBC}") = "AudioSwitcher.AudioApi.Tests", "AudioSwitcher.AudioApi.Tests\AudioSwitcher.AudioApi.Tests.csproj", "{A4170B87-C5B3-48AE-8784-05FCE4E20E0E}"
EndProject
Global
	GlobalSection(SolutionConfigurationPlatforms) = preSolution
		Debug|Any CPU = Debug|Any CPU
		Release|Any CPU = Release|Any CPU
	EndGlobalSection
	GlobalSection(ProjectConfigurationPlatforms) = postSolution
		{7A4E260C-007E-4615-A92B-E849E7B641AB}.Debug|Any CPU.ActiveCfg = Debug|Any CPU
		{7A4E260C-007E-4615-A92B-E849E7B641AB}.Debug|Any CPU.Build.0 = Debug|Any CPU
		{7A4E260C-007E-4615-A92B-E849E7B641AB}.Release|Any CPU.ActiveCfg = Release|Any CPU
		{7A4E260C-007E-4615-A92B-E849E7B641AB}.Release|Any CPU.Build.0 = Release|Any CPU
		{A4170B87-C5B3-48AE-8784-05FCE4E20E0E}.Debug|Any CPU.ActiveCfg = Debug|Any CPU
		{A4170B87-C5B3-48AE-8784-05FCE4E20E0E}.Debug|Any CPU.Build.0 = Debug|Any CPU
		{A4170B87-C5B3-48AE-8784-05FCE4E20E0E}.Release|Any CPU.ActiveCfg = Release|Any CPU
		{A4170B87-C5B3-48AE-8784-05FCE4E20E0E}.Release|Any CPU.Build.0 = Release|Any CPU
	EndGlobalSection
	GlobalSection(SolutionProperties) = preSolution
		HideSolutionNode = FALSE
	EndGlobalSection
EndGlobal
