
Microsoft Visual Studio Solution File, Format Version 12.00
# Visual Studio Version 16
VisualStudioVersion = 16.0.29509.3
MinimumVisualStudioVersion = 10.0.40219.1
Project("{9A19103F-16F7-4668-BE54-9A1E7A4F7556}") = "AudioSwitcher.AudioApi.Tests", "AudioSwitcher.AudioApi.Tests\AudioSwitcher.AudioApi.Tests.csproj", "{A4170B87-C5B3-48AE-8784-05FCE4E20E0E}"
EndProject
Project("{FAE04EC0-301F-11D3-BF4B-00C04F79EFBC}") = "AudioSwitcher.AudioApi.Hooking", "AudioSwitcher.AudioApi.Hooking\AudioSwitcher.AudioApi.Hooking.csproj", "{B590E447-E7F2-43DE-B3F3-3A60F493DC98}"
EndProject
Project("{FAE04EC0-301F-11D3-BF4B-00C04F79EFBC}") = "HookingSample", "Samples\HookingSample\HookingSample.csproj", "{2294421F-9911-434B-81EA-E1155D1B272B}"
EndProject
Project("{2150E333-8FDC-42A3-9474-1A3956D46DE8}") = "Samples", "Samples", "{A1D8776F-71F0-4ECF-8EBE-AB1BD671E0B7}"
EndProject
Project("{FAE04EC0-301F-11D3-BF4B-00C04F79EFBC}") = "AudioSwitcher.CLI", "Samples\AudioSwitcher.CLI\AudioSwitcher.CLI.csproj", "{479A75E0-AFD7-4FDD-BB2C-1F64A7A0C4B8}"
EndProject
Project("{2150E333-8FDC-42A3-9474-1A3956D46DE8}") = "Tests", "Tests", "{4F8309BD-D3FD-4903-8054-0B1EED7D385E}"
EndProject
Project("{9A19103F-16F7-4668-BE54-9A1E7A4F7556}") = "AudioSwitcher.Tests.Common", "AudioSwitcher.Tests.Common\AudioSwitcher.Tests.Common.csproj", "{703D3C14-A63F-4BE1-82FE-8D20A55D9960}"
EndProject
Project("{2150E333-8FDC-42A3-9474-1A3956D46DE8}") = "Scripting", "Scripting", "{67E65805-9072-4B61-8D6C-DB3AA4A14BAC}"
EndProject
Project("{FAE04EC0-301F-11D3-BF4B-00C04F79EFBC}") = "AudioSwitcher.Scripting", "AudioSwitcher.Scripting\AudioSwitcher.Scripting.csproj", "{99F4CE07-B44F-45C2-AE1D-3732D695D61D}"
EndProject
Project("{FAE04EC0-301F-11D3-BF4B-00C04F79EFBC}") = "AudioSwitcher.Scripting.JavaScript", "AudioSwitcher.Scripting.JavaScript\AudioSwitcher.Scripting.JavaScript.csproj", "{A521E1F4-70D0-4E59-ABC9-CDD306D18F3F}"
EndProject
Project("{9A19103F-16F7-4668-BE54-9A1E7A4F7556}") = "AudioSwitcher.AudioApi.CoreAudio.Tests", "AudioSwitcher.AudioApi.CoreAudio.Tests\AudioSwitcher.AudioApi.CoreAudio.Tests.csproj", "{4270A872-8A0F-4092-8873-71581C1BDDFB}"
EndProject
Project("{2150E333-8FDC-42A3-9474-1A3956D46DE8}") = "Solution Items", "Solution Items", "{66203090-FA68-47B4-B28C-A16029B33903}"
	ProjectSection(SolutionItems) = preProject
		SharedAssemblyInfo.cs = SharedAssemblyInfo.cs
	EndProjectSection
EndProject
Project("{FAE04EC0-301F-11D3-BF4B-00C04F79EFBC}") = "AudioSwitcher.Scripting.JavaScript.Tests", "AudioSwitcher.Scripting.JavaScript.Tests\AudioSwitcher.Scripting.JavaScript.Tests.csproj", "{7395D2F2-2FCA-4F16-8903-3C9E565CF976}"
EndProject
Project("{FAE04EC0-301F-11D3-BF4B-00C04F79EFBC}") = "AudioSwitcher.Scripting.Lua", "AudioSwitcher.Scripting.Lua\AudioSwitcher.Scripting.Lua.csproj", "{8CE9CA8A-A7B7-4EE2-B59D-2A30FC6186A7}"
EndProject
Project("{9A19103F-16F7-4668-BE54-9A1E7A4F7556}") = "AudioSwitcher.AudioApi", "AudioSwitcher.AudioApi\AudioSwitcher.AudioApi.csproj", "{6F6A9223-4C92-4351-BD3E-86B3BE9BA536}"
EndProject
Project("{9A19103F-16F7-4668-BE54-9A1E7A4F7556}") = "AudioSwitcher.AudioApi.CoreAudio", "AudioSwitcher.AudioApi.CoreAudio\AudioSwitcher.AudioApi.CoreAudio.csproj", "{14BEA79D-CB08-4E2C-BE60-53CAAC98EAB6}"
EndProject
Global
	GlobalSection(SolutionConfigurationPlatforms) = preSolution
		Debug|Any CPU = Debug|Any CPU
		Debug|ARM = Debug|ARM
		Debug|x64 = Debug|x64
		Debug|x86 = Debug|x86
		Release|Any CPU = Release|Any CPU
		Release|ARM = Release|ARM
		Release|x64 = Release|x64
		Release|x86 = Release|x86
	EndGlobalSection
	GlobalSection(ProjectConfigurationPlatforms) = postSolution
		{A4170B87-C5B3-48AE-8784-05FCE4E20E0E}.Debug|Any CPU.ActiveCfg = Debug|Any CPU
		{A4170B87-C5B3-48AE-8784-05FCE4E20E0E}.Debug|Any CPU.Build.0 = Debug|Any CPU
		{A4170B87-C5B3-48AE-8784-05FCE4E20E0E}.Debug|ARM.ActiveCfg = Debug|Any CPU
		{A4170B87-C5B3-48AE-8784-05FCE4E20E0E}.Debug|x64.ActiveCfg = Debug|Any CPU
		{A4170B87-C5B3-48AE-8784-05FCE4E20E0E}.Debug|x86.ActiveCfg = Debug|Any CPU
		{A4170B87-C5B3-48AE-8784-05FCE4E20E0E}.Release|Any CPU.ActiveCfg = Release|Any CPU
		{A4170B87-C5B3-48AE-8784-05FCE4E20E0E}.Release|ARM.ActiveCfg = Release|Any CPU
		{A4170B87-C5B3-48AE-8784-05FCE4E20E0E}.Release|x64.ActiveCfg = Release|Any CPU
		{A4170B87-C5B3-48AE-8784-05FCE4E20E0E}.Release|x86.ActiveCfg = Release|Any CPU
		{B590E447-E7F2-43DE-B3F3-3A60F493DC98}.Debug|Any CPU.ActiveCfg = Debug|Any CPU
		{B590E447-E7F2-43DE-B3F3-3A60F493DC98}.Debug|Any CPU.Build.0 = Debug|Any CPU
		{B590E447-E7F2-43DE-B3F3-3A60F493DC98}.Debug|ARM.ActiveCfg = Debug|Any CPU
		{B590E447-E7F2-43DE-B3F3-3A60F493DC98}.Debug|x64.ActiveCfg = Debug|Any CPU
		{B590E447-E7F2-43DE-B3F3-3A60F493DC98}.Debug|x86.ActiveCfg = Debug|Any CPU
		{B590E447-E7F2-43DE-B3F3-3A60F493DC98}.Release|Any CPU.ActiveCfg = Release|Any CPU
		{B590E447-E7F2-43DE-B3F3-3A60F493DC98}.Release|Any CPU.Build.0 = Release|Any CPU
		{B590E447-E7F2-43DE-B3F3-3A60F493DC98}.Release|ARM.ActiveCfg = Release|Any CPU
		{B590E447-E7F2-43DE-B3F3-3A60F493DC98}.Release|x64.ActiveCfg = Release|Any CPU
		{B590E447-E7F2-43DE-B3F3-3A60F493DC98}.Release|x86.ActiveCfg = Release|Any CPU
		{2294421F-9911-434B-81EA-E1155D1B272B}.Debug|Any CPU.ActiveCfg = Debug|Any CPU
		{2294421F-9911-434B-81EA-E1155D1B272B}.Debug|Any CPU.Build.0 = Debug|Any CPU
		{2294421F-9911-434B-81EA-E1155D1B272B}.Debug|ARM.ActiveCfg = Debug|Any CPU
		{2294421F-9911-434B-81EA-E1155D1B272B}.Debug|x64.ActiveCfg = Debug|Any CPU
		{2294421F-9911-434B-81EA-E1155D1B272B}.Debug|x86.ActiveCfg = Debug|Any CPU
		{2294421F-9911-434B-81EA-E1155D1B272B}.Release|Any CPU.ActiveCfg = Release|Any CPU
		{2294421F-9911-434B-81EA-E1155D1B272B}.Release|Any CPU.Build.0 = Release|Any CPU
		{2294421F-9911-434B-81EA-E1155D1B272B}.Release|ARM.ActiveCfg = Release|Any CPU
		{2294421F-9911-434B-81EA-E1155D1B272B}.Release|x64.ActiveCfg = Release|Any CPU
		{2294421F-9911-434B-81EA-E1155D1B272B}.Release|x86.ActiveCfg = Release|Any CPU
		{479A75E0-AFD7-4FDD-BB2C-1F64A7A0C4B8}.Debug|Any CPU.ActiveCfg = Debug|Any CPU
		{479A75E0-AFD7-4FDD-BB2C-1F64A7A0C4B8}.Debug|Any CPU.Build.0 = Debug|Any CPU
		{479A75E0-AFD7-4FDD-BB2C-1F64A7A0C4B8}.Debug|ARM.ActiveCfg = Debug|Any CPU
		{479A75E0-AFD7-4FDD-BB2C-1F64A7A0C4B8}.Debug|x64.ActiveCfg = Debug|Any CPU
		{479A75E0-AFD7-4FDD-BB2C-1F64A7A0C4B8}.Debug|x86.ActiveCfg = Debug|Any CPU
		{479A75E0-AFD7-4FDD-BB2C-1F64A7A0C4B8}.Release|Any CPU.ActiveCfg = Release|Any CPU
		{479A75E0-AFD7-4FDD-BB2C-1F64A7A0C4B8}.Release|Any CPU.Build.0 = Release|Any CPU
		{479A75E0-AFD7-4FDD-BB2C-1F64A7A0C4B8}.Release|ARM.ActiveCfg = Release|Any CPU
		{479A75E0-AFD7-4FDD-BB2C-1F64A7A0C4B8}.Release|x64.ActiveCfg = Release|Any CPU
		{479A75E0-AFD7-4FDD-BB2C-1F64A7A0C4B8}.Release|x86.ActiveCfg = Release|Any CPU
		{703D3C14-A63F-4BE1-82FE-8D20A55D9960}.Debug|Any CPU.ActiveCfg = Debug|Any CPU
		{703D3C14-A63F-4BE1-82FE-8D20A55D9960}.Debug|Any CPU.Build.0 = Debug|Any CPU
		{703D3C14-A63F-4BE1-82FE-8D20A55D9960}.Debug|ARM.ActiveCfg = Debug|Any CPU
		{703D3C14-A63F-4BE1-82FE-8D20A55D9960}.Debug|x64.ActiveCfg = Debug|Any CPU
		{703D3C14-A63F-4BE1-82FE-8D20A55D9960}.Debug|x86.ActiveCfg = Debug|Any CPU
		{703D3C14-A63F-4BE1-82FE-8D20A55D9960}.Release|Any CPU.ActiveCfg = Release|Any CPU
		{703D3C14-A63F-4BE1-82FE-8D20A55D9960}.Release|ARM.ActiveCfg = Release|Any CPU
		{703D3C14-A63F-4BE1-82FE-8D20A55D9960}.Release|x64.ActiveCfg = Release|Any CPU
		{703D3C14-A63F-4BE1-82FE-8D20A55D9960}.Release|x86.ActiveCfg = Release|Any CPU
		{99F4CE07-B44F-45C2-AE1D-3732D695D61D}.Debug|Any CPU.ActiveCfg = Debug|Any CPU
		{99F4CE07-B44F-45C2-AE1D-3732D695D61D}.Debug|Any CPU.Build.0 = Debug|Any CPU
		{99F4CE07-B44F-45C2-AE1D-3732D695D61D}.Debug|ARM.ActiveCfg = Debug|Any CPU
		{99F4CE07-B44F-45C2-AE1D-3732D695D61D}.Debug|x64.ActiveCfg = Debug|Any CPU
		{99F4CE07-B44F-45C2-AE1D-3732D695D61D}.Debug|x86.ActiveCfg = Debug|Any CPU
		{99F4CE07-B44F-45C2-AE1D-3732D695D61D}.Release|Any CPU.ActiveCfg = Release|Any CPU
		{99F4CE07-B44F-45C2-AE1D-3732D695D61D}.Release|Any CPU.Build.0 = Release|Any CPU
		{99F4CE07-B44F-45C2-AE1D-3732D695D61D}.Release|ARM.ActiveCfg = Release|Any CPU
		{99F4CE07-B44F-45C2-AE1D-3732D695D61D}.Release|x64.ActiveCfg = Release|Any CPU
		{99F4CE07-B44F-45C2-AE1D-3732D695D61D}.Release|x86.ActiveCfg = Release|Any CPU
		{A521E1F4-70D0-4E59-ABC9-CDD306D18F3F}.Debug|Any CPU.ActiveCfg = Debug|Any CPU
		{A521E1F4-70D0-4E59-ABC9-CDD306D18F3F}.Debug|Any CPU.Build.0 = Debug|Any CPU
		{A521E1F4-70D0-4E59-ABC9-CDD306D18F3F}.Debug|ARM.ActiveCfg = Debug|Any CPU
		{A521E1F4-70D0-4E59-ABC9-CDD306D18F3F}.Debug|x64.ActiveCfg = Debug|Any CPU
		{A521E1F4-70D0-4E59-ABC9-CDD306D18F3F}.Debug|x86.ActiveCfg = Debug|Any CPU
		{A521E1F4-70D0-4E59-ABC9-CDD306D18F3F}.Release|Any CPU.ActiveCfg = Release|Any CPU
		{A521E1F4-70D0-4E59-ABC9-CDD306D18F3F}.Release|Any CPU.Build.0 = Release|Any CPU
		{A521E1F4-70D0-4E59-ABC9-CDD306D18F3F}.Release|ARM.ActiveCfg = Release|Any CPU
		{A521E1F4-70D0-4E59-ABC9-CDD306D18F3F}.Release|x64.ActiveCfg = Release|Any CPU
		{A521E1F4-70D0-4E59-ABC9-CDD306D18F3F}.Release|x86.ActiveCfg = Release|Any CPU
		{4270A872-8A0F-4092-8873-71581C1BDDFB}.Debug|Any CPU.ActiveCfg = Debug|Any CPU
		{4270A872-8A0F-4092-8873-71581C1BDDFB}.Debug|Any CPU.Build.0 = Debug|Any CPU
		{4270A872-8A0F-4092-8873-71581C1BDDFB}.Debug|ARM.ActiveCfg = Debug|Any CPU
		{4270A872-8A0F-4092-8873-71581C1BDDFB}.Debug|x64.ActiveCfg = Debug|Any CPU
		{4270A872-8A0F-4092-8873-71581C1BDDFB}.Debug|x86.ActiveCfg = Debug|Any CPU
		{4270A872-8A0F-4092-8873-71581C1BDDFB}.Release|Any CPU.ActiveCfg = Release|Any CPU
		{4270A872-8A0F-4092-8873-71581C1BDDFB}.Release|ARM.ActiveCfg = Release|Any CPU
		{4270A872-8A0F-4092-8873-71581C1BDDFB}.Release|x64.ActiveCfg = Release|Any CPU
		{4270A872-8A0F-4092-8873-71581C1BDDFB}.Release|x86.ActiveCfg = Release|Any CPU
		{7395D2F2-2FCA-4F16-8903-3C9E565CF976}.Debug|Any CPU.ActiveCfg = Debug|Any CPU
		{7395D2F2-2FCA-4F16-8903-3C9E565CF976}.Debug|Any CPU.Build.0 = Debug|Any CPU
		{7395D2F2-2FCA-4F16-8903-3C9E565CF976}.Debug|ARM.ActiveCfg = Debug|Any CPU
		{7395D2F2-2FCA-4F16-8903-3C9E565CF976}.Debug|ARM.Build.0 = Debug|Any CPU
		{7395D2F2-2FCA-4F16-8903-3C9E565CF976}.Debug|x64.ActiveCfg = Debug|Any CPU
		{7395D2F2-2FCA-4F16-8903-3C9E565CF976}.Debug|x64.Build.0 = Debug|Any CPU
		{7395D2F2-2FCA-4F16-8903-3C9E565CF976}.Debug|x86.ActiveCfg = Debug|Any CPU
		{7395D2F2-2FCA-4F16-8903-3C9E565CF976}.Debug|x86.Build.0 = Debug|Any CPU
		{7395D2F2-2FCA-4F16-8903-3C9E565CF976}.Release|Any CPU.ActiveCfg = Release|Any CPU
		{7395D2F2-2FCA-4F16-8903-3C9E565CF976}.Release|ARM.ActiveCfg = Release|Any CPU
		{7395D2F2-2FCA-4F16-8903-3C9E565CF976}.Release|ARM.Build.0 = Release|Any CPU
		{7395D2F2-2FCA-4F16-8903-3C9E565CF976}.Release|x64.ActiveCfg = Release|Any CPU
		{7395D2F2-2FCA-4F16-8903-3C9E565CF976}.Release|x64.Build.0 = Release|Any CPU
		{7395D2F2-2FCA-4F16-8903-3C9E565CF976}.Release|x86.ActiveCfg = Release|Any CPU
		{7395D2F2-2FCA-4F16-8903-3C9E565CF976}.Release|x86.Build.0 = Release|Any CPU
		{8CE9CA8A-A7B7-4EE2-B59D-2A30FC6186A7}.Debug|Any CPU.ActiveCfg = Debug|Any CPU
		{8CE9CA8A-A7B7-4EE2-B59D-2A30FC6186A7}.Debug|Any CPU.Build.0 = Debug|Any CPU
		{8CE9CA8A-A7B7-4EE2-B59D-2A30FC6186A7}.Debug|ARM.ActiveCfg = Debug|Any CPU
		{8CE9CA8A-A7B7-4EE2-B59D-2A30FC6186A7}.Debug|ARM.Build.0 = Debug|Any CPU
		{8CE9CA8A-A7B7-4EE2-B59D-2A30FC6186A7}.Debug|x64.ActiveCfg = Debug|Any CPU
		{8CE9CA8A-A7B7-4EE2-B59D-2A30FC6186A7}.Debug|x64.Build.0 = Debug|Any CPU
		{8CE9CA8A-A7B7-4EE2-B59D-2A30FC6186A7}.Debug|x86.ActiveCfg = Debug|Any CPU
		{8CE9CA8A-A7B7-4EE2-B59D-2A30FC6186A7}.Debug|x86.Build.0 = Debug|Any CPU
		{8CE9CA8A-A7B7-4EE2-B59D-2A30FC6186A7}.Release|Any CPU.ActiveCfg = Release|Any CPU
		{8CE9CA8A-A7B7-4EE2-B59D-2A30FC6186A7}.Release|Any CPU.Build.0 = Release|Any CPU
		{8CE9CA8A-A7B7-4EE2-B59D-2A30FC6186A7}.Release|ARM.ActiveCfg = Release|Any CPU
		{8CE9CA8A-A7B7-4EE2-B59D-2A30FC6186A7}.Release|ARM.Build.0 = Release|Any CPU
		{8CE9CA8A-A7B7-4EE2-B59D-2A30FC6186A7}.Release|x64.ActiveCfg = Release|Any CPU
		{8CE9CA8A-A7B7-4EE2-B59D-2A30FC6186A7}.Release|x64.Build.0 = Release|Any CPU
		{8CE9CA8A-A7B7-4EE2-B59D-2A30FC6186A7}.Release|x86.ActiveCfg = Release|Any CPU
		{8CE9CA8A-A7B7-4EE2-B59D-2A30FC6186A7}.Release|x86.Build.0 = Release|Any CPU
		{6F6A9223-4C92-4351-BD3E-86B3BE9BA536}.Debug|Any CPU.ActiveCfg = Debug|Any CPU
		{6F6A9223-4C92-4351-BD3E-86B3BE9BA536}.Debug|Any CPU.Build.0 = Debug|Any CPU
		{6F6A9223-4C92-4351-BD3E-86B3BE9BA536}.Debug|ARM.ActiveCfg = Debug|Any CPU
		{6F6A9223-4C92-4351-BD3E-86B3BE9BA536}.Debug|ARM.Build.0 = Debug|Any CPU
		{6F6A9223-4C92-4351-BD3E-86B3BE9BA536}.Debug|x64.ActiveCfg = Debug|Any CPU
		{6F6A9223-4C92-4351-BD3E-86B3BE9BA536}.Debug|x64.Build.0 = Debug|Any CPU
		{6F6A9223-4C92-4351-BD3E-86B3BE9BA536}.Debug|x86.ActiveCfg = Debug|Any CPU
		{6F6A9223-4C92-4351-BD3E-86B3BE9BA536}.Debug|x86.Build.0 = Debug|Any CPU
		{6F6A9223-4C92-4351-BD3E-86B3BE9BA536}.Release|Any CPU.ActiveCfg = Release|Any CPU
		{6F6A9223-4C92-4351-BD3E-86B3BE9BA536}.Release|Any CPU.Build.0 = Release|Any CPU
		{6F6A9223-4C92-4351-BD3E-86B3BE9BA536}.Release|ARM.ActiveCfg = Release|Any CPU
		{6F6A9223-4C92-4351-BD3E-86B3BE9BA536}.Release|ARM.Build.0 = Release|Any CPU
		{6F6A9223-4C92-4351-BD3E-86B3BE9BA536}.Release|x64.ActiveCfg = Release|Any CPU
		{6F6A9223-4C92-4351-BD3E-86B3BE9BA536}.Release|x64.Build.0 = Release|Any CPU
		{6F6A9223-4C92-4351-BD3E-86B3BE9BA536}.Release|x86.ActiveCfg = Release|Any CPU
		{6F6A9223-4C92-4351-BD3E-86B3BE9BA536}.Release|x86.Build.0 = Release|Any CPU
		{14BEA79D-CB08-4E2C-BE60-53CAAC98EAB6}.Debug|Any CPU.ActiveCfg = Debug|Any CPU
		{14BEA79D-CB08-4E2C-BE60-53CAAC98EAB6}.Debug|Any CPU.Build.0 = Debug|Any CPU
		{14BEA79D-CB08-4E2C-BE60-53CAAC98EAB6}.Debug|ARM.ActiveCfg = Debug|Any CPU
		{14BEA79D-CB08-4E2C-BE60-53CAAC98EAB6}.Debug|ARM.Build.0 = Debug|Any CPU
		{14BEA79D-CB08-4E2C-BE60-53CAAC98EAB6}.Debug|x64.ActiveCfg = Debug|Any CPU
		{14BEA79D-CB08-4E2C-BE60-53CAAC98EAB6}.Debug|x64.Build.0 = Debug|Any CPU
		{14BEA79D-CB08-4E2C-BE60-53CAAC98EAB6}.Debug|x86.ActiveCfg = Debug|Any CPU
		{14BEA79D-CB08-4E2C-BE60-53CAAC98EAB6}.Debug|x86.Build.0 = Debug|Any CPU
		{14BEA79D-CB08-4E2C-BE60-53CAAC98EAB6}.Release|Any CPU.ActiveCfg = Release|Any CPU
		{14BEA79D-CB08-4E2C-BE60-53CAAC98EAB6}.Release|Any CPU.Build.0 = Release|Any CPU
		{14BEA79D-CB08-4E2C-BE60-53CAAC98EAB6}.Release|ARM.ActiveCfg = Release|Any CPU
		{14BEA79D-CB08-4E2C-BE60-53CAAC98EAB6}.Release|ARM.Build.0 = Release|Any CPU
		{14BEA79D-CB08-4E2C-BE60-53CAAC98EAB6}.Release|x64.ActiveCfg = Release|Any CPU
		{14BEA79D-CB08-4E2C-BE60-53CAAC98EAB6}.Release|x64.Build.0 = Release|Any CPU
		{14BEA79D-CB08-4E2C-BE60-53CAAC98EAB6}.Release|x86.ActiveCfg = Release|Any CPU
		{14BEA79D-CB08-4E2C-BE60-53CAAC98EAB6}.Release|x86.Build.0 = Release|Any CPU
	EndGlobalSection
	GlobalSection(SolutionProperties) = preSolution
		HideSolutionNode = FALSE
	EndGlobalSection
	GlobalSection(NestedProjects) = preSolution
		{A4170B87-C5B3-48AE-8784-05FCE4E20E0E} = {4F8309BD-D3FD-4903-8054-0B1EED7D385E}
		{2294421F-9911-434B-81EA-E1155D1B272B} = {A1D8776F-71F0-4ECF-8EBE-AB1BD671E0B7}
		{479A75E0-AFD7-4FDD-BB2C-1F64A7A0C4B8} = {A1D8776F-71F0-4ECF-8EBE-AB1BD671E0B7}
		{703D3C14-A63F-4BE1-82FE-8D20A55D9960} = {4F8309BD-D3FD-4903-8054-0B1EED7D385E}
		{99F4CE07-B44F-45C2-AE1D-3732D695D61D} = {67E65805-9072-4B61-8D6C-DB3AA4A14BAC}
		{A521E1F4-70D0-4E59-ABC9-CDD306D18F3F} = {67E65805-9072-4B61-8D6C-DB3AA4A14BAC}
		{4270A872-8A0F-4092-8873-71581C1BDDFB} = {4F8309BD-D3FD-4903-8054-0B1EED7D385E}
		{7395D2F2-2FCA-4F16-8903-3C9E565CF976} = {4F8309BD-D3FD-4903-8054-0B1EED7D385E}
		{8CE9CA8A-A7B7-4EE2-B59D-2A30FC6186A7} = {67E65805-9072-4B61-8D6C-DB3AA4A14BAC}
	EndGlobalSection
	GlobalSection(ExtensibilityGlobals) = postSolution
		SolutionGuid = {2FC977F2-5969-4F48-B649-11142904F7CD}
	EndGlobalSection
	GlobalSection(Performance) = preSolution
		HasPerformanceSessions = true
	EndGlobalSection
EndGlobal
